# This file is @generated by PDM.
# It is not intended for manual editing.

[[package]]
name = "grpcio"
version = "1.51.3"
requires_python = ">=3.7"
summary = "HTTP/2-based RPC framework"

[[package]]
name = "grpcio-tools"
version = "1.51.3"
requires_python = ">=3.7"
summary = "Protobuf code generator for gRPC"
dependencies = [
    "grpcio>=1.51.3",
    "protobuf<5.0dev,>=4.21.6",
    "setuptools",
]

[[package]]
name = "protobuf"
version = "4.22.3"
requires_python = ">=3.7"
summary = ""

[[package]]
name = "setuptools"
version = "67.6.1"
requires_python = ">=3.7"
summary = "Easily download, build, install, upgrade, and uninstall Python packages"

[metadata]
lock_version = "4.2"
groups = ["default"]
content_hash = "sha256:7c5ff98836a77ca8db2cdb86e2527f5325c8b4293934dbc3b50270ec6a71280b"

[metadata.files]
"grpcio 1.51.3" = [
    {url = "https://files.pythonhosted.org/packages/04/ff/bf51e638082314fd845f48cb761bca09b7ed9b20f2f7b87a6ec64a252f6b/grpcio-1.51.3-cp39-cp39-musllinux_1_1_x86_64.whl", hash = "sha256:2f8ff75e61e1227ba7a3f16b2eadbcc11d0a54096d52ab75a6b88cfbe56f55d1"},
    {url = "https://files.pythonhosted.org/packages/06/06/5798d75123f63a7dbe57c99f3bfb63738e0adee867b1842477915d22fd87/grpcio-1.51.3-cp310-cp310-macosx_12_0_universal2.whl", hash = "sha256:eef0450a4b5ed11feab639bf3eb1b6e23d0efa9b911bf7b06fb60e14f5f8a585"},
    {url = "https://files.pythonhosted.org/packages/0b/19/5e50ff77c8afe20089667140f020e20ce54e938bdf12082d835d9c43a7d5/grpcio-1.51.3-cp311-cp311-manylinux_2_17_i686.manylinux2014_i686.whl", hash = "sha256:3c1b9f8afa62ff265d86a4747a2990ec5a96e4efce5d5888f245a682d66eca47"},
    {url = "https://files.pythonhosted.org/packages/1f/a9/bb1e03aa439dc69782320d5b54d58e58c9f85c0f2e4a981e9cc33c1bf7d8/grpcio-1.51.3-cp311-cp311-musllinux_1_1_x86_64.whl", hash = "sha256:d81528ffe0e973dc840ec73a4132fd18b8203ad129d7410155d951a0a7e4f5d0"},
    {url = "https://files.pythonhosted.org/packages/35/a1/892b5b7e1a8d976bc37f41fe78f7d087be4e5e08c04a6b7f7a9f8ccf68b4/grpcio-1.51.3-cp311-cp311-win32.whl", hash = "sha256:040eb421613b57c696063abde405916dd830203c184c9000fc8c3b3b3c950325"},
    {url = "https://files.pythonhosted.org/packages/37/33/4dd62ff8b87d025c1a7eef8d8ab3e974786bbe4b955e5acf326e071f7a16/grpcio-1.51.3-cp311-cp311-macosx_10_10_universal2.whl", hash = "sha256:68a7514b754e38e8de9075f7bb4dee919919515ec68628c43a894027e40ddec4"},
    {url = "https://files.pythonhosted.org/packages/39/0f/303234f7c0a948c9198cd90cfc22913b9560d9acda3efd3f23f8cba0cb25/grpcio-1.51.3-cp39-cp39-macosx_10_10_universal2.whl", hash = "sha256:30e09b5e0531685e176f49679b6a3b190762cc225f4565e55a899f5e14b3aa62"},
    {url = "https://files.pythonhosted.org/packages/48/b6/df70d74896f8b0e24720b0550c90f327369419bd608f6fb6f3dad8bceba8/grpcio-1.51.3-cp38-cp38-win32.whl", hash = "sha256:5694448256e3cdfe5bd358f1574a3f2f51afa20cc834713c4b9788d60b7cc646"},
    {url = "https://files.pythonhosted.org/packages/4a/2e/e89d0636a408a3c5c422fb314b427379eec71fbf83562a5dd936f2eebeb6/grpcio-1.51.3-cp38-cp38-manylinux_2_17_i686.manylinux2014_i686.whl", hash = "sha256:881ecb34feabf31c6b3b9bbbddd1a5b57e69f805041e5a2c6c562a28574f71c4"},
    {url = "https://files.pythonhosted.org/packages/4b/89/6cce22849467e51dec89967455607cdf2f5383b7bb71d6ae78e65622cf09/grpcio-1.51.3-cp310-cp310-win32.whl", hash = "sha256:6604f614016127ae10969176bbf12eb0e03d2fb3d643f050b3b69e160d144fb4"},
    {url = "https://files.pythonhosted.org/packages/51/b0/f5a341b7472d7c35793a115c5925df8e04d9860b873fbd4d2afd151d2c1f/grpcio-1.51.3-cp38-cp38-linux_armv7l.whl", hash = "sha256:54b0c29bdd9a3b1e1b61443ab152f060fc719f1c083127ab08d03fac5efd51be"},
    {url = "https://files.pythonhosted.org/packages/57/fe/c6d6a173a275bc0ceec783b973fa15df84a3ef72c99ac992683df2f147db/grpcio-1.51.3-cp310-cp310-musllinux_1_1_x86_64.whl", hash = "sha256:cd9a5e68e79c5f031500e67793048a90209711e0854a9ddee8a3ce51728de4e5"},
    {url = "https://files.pythonhosted.org/packages/58/0a/2ba9c2ae852f2b03b3fba0c8815158809d0f8b4b699d212f85cb065efc96/grpcio-1.51.3-cp310-cp310-manylinux_2_17_x86_64.manylinux2014_x86_64.whl", hash = "sha256:3709048fe0aa23dda09b3e69849a12055790171dab9e399a72ea8f9dfbf9ac80"},
    {url = "https://files.pythonhosted.org/packages/63/49/154520dd3d73bd1cba508e4ffebcaddfd2fea7cd94647c3143552a505501/grpcio-1.51.3-cp37-cp37m-manylinux_2_17_aarch64.whl", hash = "sha256:5eed34994c095e2bf7194ffac7381c6068b057ef1e69f8f08db77771350a7566"},
    {url = "https://files.pythonhosted.org/packages/69/12/d2e6e92ab554cb5d30f58ac897f372fd22f9d9de58bf7a2655f31d7b513c/grpcio-1.51.3-cp38-cp38-musllinux_1_1_x86_64.whl", hash = "sha256:6972b009638b40a448d10e1bc18e2223143b8a7aa20d7def0d78dd4af4126d12"},
    {url = "https://files.pythonhosted.org/packages/73/0c/b3457d96a5f23cda9c50512e0e9c2e44003882dcaac3ea1b019753d35bde/grpcio-1.51.3-cp37-cp37m-linux_armv7l.whl", hash = "sha256:d5cd1389669a847555df54177b911d9ff6f17345b2a6f19388707b7a9f724c88"},
    {url = "https://files.pythonhosted.org/packages/74/a5/370aae45076ca9298c1f35f40e9096996ff1608afb72a78faa1c746c8027/grpcio-1.51.3-cp39-cp39-manylinux_2_17_i686.manylinux2014_i686.whl", hash = "sha256:2cd2e4cefb724cab1ba2df4b7535a9980531b9ec51b4dbb5f137a1f3a3754ef0"},
    {url = "https://files.pythonhosted.org/packages/79/c3/a27fc8f926d6fb5caedcaddc0b48b4dea4482b7230278fce83f233a2c7f7/grpcio-1.51.3-cp310-cp310-linux_armv7l.whl", hash = "sha256:f601aaeae18dab81930fb8d4f916b0da21e89bb4b5f7367ef793f46b4a76b7b0"},
    {url = "https://files.pythonhosted.org/packages/84/d5/7f50bc084a97acaa3735fd0337d6d6642c3654f0ec7a3561f0db382361d4/grpcio-1.51.3-cp37-cp37m-macosx_10_10_universal2.whl", hash = "sha256:be1bf35ce82cdbcac14e39d5102d8de4079a1c1a6a06b68e41fcd9ef64f9dd28"},
    {url = "https://files.pythonhosted.org/packages/85/3b/0b5a3609750ecd714c8e79cbb5e075113466ee3a69337f478d044d4ebc52/grpcio-1.51.3-cp38-cp38-manylinux_2_17_x86_64.manylinux2014_x86_64.whl", hash = "sha256:e860a3222139b41d430939bbec2ec9c3f6c740938bf7a04471a9a8caaa965a2e"},
    {url = "https://files.pythonhosted.org/packages/8b/01/c654c06210bdb3428eedfcbe25e3f7fe52953c69713f13b90d52e82b27b8/grpcio-1.51.3-cp37-cp37m-manylinux_2_17_i686.manylinux2014_i686.whl", hash = "sha256:3f9a7d88082b2a17ae7bd3c2354d13bab0453899e0851733f6afa6918373f476"},
    {url = "https://files.pythonhosted.org/packages/8b/ba/a0994523e2dd3d6747ef1dc9458aba8c907953bed062f809fcbdd5f32020/grpcio-1.51.3-cp310-cp310-manylinux_2_17_aarch64.whl", hash = "sha256:82b0ad8ac825d4bb31bff9f638557c045f4a6d824d84b21e893968286f88246b"},
    {url = "https://files.pythonhosted.org/packages/8d/0b/6b75908dac1028c0e7d070088e10951a3fe8f5ecc189ed12175526568a89/grpcio-1.51.3-cp38-cp38-win_amd64.whl", hash = "sha256:3ea4341efe603b049e8c9a5f13c696ca37fcdf8a23ca35f650428ad3606381d9"},
    {url = "https://files.pythonhosted.org/packages/8e/eb/7c8c879bbc1eebdd44bb5b1ab0fd839a93f0032efd8331bbce973e90ece4/grpcio-1.51.3-cp311-cp311-win_amd64.whl", hash = "sha256:2a8e17286c4240137d933b8ca506465472248b4ce0fe46f3404459e708b65b68"},
    {url = "https://files.pythonhosted.org/packages/9c/77/2bb4dedcca48788daccf4494b0dd7863ca19608712c3d27055db447c4197/grpcio-1.51.3-cp38-cp38-manylinux_2_17_aarch64.whl", hash = "sha256:eafbe7501a3268d05f2e450e1ddaffb950d842a8620c13ec328b501d25d2e2c3"},
    {url = "https://files.pythonhosted.org/packages/a1/28/0b99458b0786438d93fc50eedafca6f9e35781eecbfadc45952164b2f61d/grpcio-1.51.3-cp37-cp37m-win32.whl", hash = "sha256:cd0daac21d9ef5e033a5100c1d3aa055bbed28bfcf070b12d8058045c4e821b1"},
    {url = "https://files.pythonhosted.org/packages/a2/9a/f22a1d98cb335886faab72cf28593141a994b58e3f32e702a14e0ad9345b/grpcio-1.51.3-cp37-cp37m-win_amd64.whl", hash = "sha256:2fdd6333ce96435408565a9dbbd446212cd5d62e4d26f6a3c0feb1e3c35f1cc8"},
    {url = "https://files.pythonhosted.org/packages/a4/54/b37502344596eac20781b390e8fc1dd4f7ee5b5f377a9551b0127ffde094/grpcio-1.51.3-cp37-cp37m-manylinux_2_17_x86_64.manylinux2014_x86_64.whl", hash = "sha256:36c8abbc5f837111e7bd619612eedc223c290b0903b952ce0c7b00840ea70f14"},
    {url = "https://files.pythonhosted.org/packages/a9/5c/1a95a30c168c840378d626c19f3009b9d5a2b383b9c07ead2d5642773f61/grpcio-1.51.3-cp310-cp310-manylinux_2_17_i686.manylinux2014_i686.whl", hash = "sha256:3667c06e37d6cd461afdd51cefe6537702f3d1dc5ff4cac07e88d8b4795dc16f"},
    {url = "https://files.pythonhosted.org/packages/ae/37/3be84cf4876015292a62e32b8d2d228e55b21ac3723f930e9bcaf35f6837/grpcio-1.51.3-cp37-cp37m-musllinux_1_1_x86_64.whl", hash = "sha256:54e36c2ee304ff15f2bfbdc43d2b56c63331c52d818c364e5b5214e5bc2ad9f6"},
    {url = "https://files.pythonhosted.org/packages/b6/b4/8a2753341e9340acb1ee38ad6dfc9a043c5a5d337a82fef5cb9bc17472b6/grpcio-1.51.3-cp39-cp39-manylinux_2_17_x86_64.manylinux2014_x86_64.whl", hash = "sha256:f7a0d0bf44438869d307f85a54f25a896ad6b4b0ca12370f76892ad732928d87"},
    {url = "https://files.pythonhosted.org/packages/bb/75/97c76bbe6adb92abb345fcd56cff0992b94593af79b79c1e6d4cb961d287/grpcio-1.51.3-cp311-cp311-musllinux_1_1_i686.whl", hash = "sha256:b69c7adc7ed60da1cb1b502853db61f453fc745f940cbcc25eb97c99965d8f41"},
    {url = "https://files.pythonhosted.org/packages/be/bb/24135e0756753c4a453ab3674187c49efe5b25d5b99a41cd4407ab937621/grpcio-1.51.3-cp39-cp39-musllinux_1_1_i686.whl", hash = "sha256:c02abd55409bfb293371554adf6a4401197ec2133dd97727c01180889014ba4d"},
    {url = "https://files.pythonhosted.org/packages/c6/a3/a23bd54dbd82f612b1ba50373c109f48c0fcdcfb2dc39d505d9c61f5e819/grpcio-1.51.3-cp311-cp311-manylinux_2_17_x86_64.manylinux2014_x86_64.whl", hash = "sha256:8de30f0b417744288cec65ec8cf84b8a57995cf7f1e84ccad2704d93f05d0aae"},
    {url = "https://files.pythonhosted.org/packages/d3/d3/b7afa10bca20d20802ba8e4d0808226e4a75348ac7e775fca16262baeab5/grpcio-1.51.3-cp37-cp37m-musllinux_1_1_i686.whl", hash = "sha256:165b05af77e6aecb4210ae7663e25acf234ba78a7c1c157fa5f2efeb0d6ec53c"},
    {url = "https://files.pythonhosted.org/packages/d6/cf/2944fb5ab903209d40c528b979419974053029d10f1b203bed3d74cbccb1/grpcio-1.51.3-cp310-cp310-win_amd64.whl", hash = "sha256:e95c7ccd4c5807adef1602005513bf7c7d14e5a41daebcf9d8d30d8bf51b8f81"},
    {url = "https://files.pythonhosted.org/packages/db/a4/93808eb20a213c6bb96b78efec5f68a7ace9cc95e5909660492aaecf95b9/grpcio-1.51.3-cp39-cp39-win_amd64.whl", hash = "sha256:22bdfac4f7f27acdd4da359b5e7e1973dc74bf1ed406729b07d0759fde2f064b"},
    {url = "https://files.pythonhosted.org/packages/de/d3/ec1d211accb6f2554c0c92127ee698b7e79732aec432b12725bb1b678796/grpcio-1.51.3-cp39-cp39-manylinux_2_17_aarch64.whl", hash = "sha256:c831f31336e81243f85b6daff3e5e8a123302ce0ea1f2726ad752fd7a59f3aee"},
    {url = "https://files.pythonhosted.org/packages/e5/96/7f33311cf45d528c2de20904a21f7577eedc15d163ddb3b93efab3b81de8/grpcio-1.51.3-cp39-cp39-linux_armv7l.whl", hash = "sha256:6c677581ce129f5fa228b8f418cee10bd28dd449f3a544ea73c8ba590ee49d0b"},
    {url = "https://files.pythonhosted.org/packages/f0/2e/39b7624a4e41685de88691b96ac2bd119a5e233e4daae5769646dcd14d62/grpcio-1.51.3-cp39-cp39-win32.whl", hash = "sha256:6c99a73a6260bdf844b2e5ddad02dcd530310f80e1fa72c300fa19c1c7496962"},
    {url = "https://files.pythonhosted.org/packages/f0/8b/1ca221fba685f4885cab34d6803b530ca8d27e8a4c42101bbe66d6a25467/grpcio-1.51.3-cp38-cp38-macosx_10_10_universal2.whl", hash = "sha256:ffaaf7e93fcb437356b5a4b23bf36e8a3d0221399ff77fd057e4bc77776a24be"},
    {url = "https://files.pythonhosted.org/packages/f9/5d/7370c37383cd2cf948f5fa5861a02f4d953d344e001d590e101f594d74aa/grpcio-1.51.3-cp311-cp311-linux_armv7l.whl", hash = "sha256:5e77ee138100f0bb55cbd147840f87ee6241dbd25f09ea7cd8afe7efff323449"},
    {url = "https://files.pythonhosted.org/packages/fa/2d/0b73ab7f96a82e7cd7287c5cc75bdc762d41e0dca28c03cc372292b765a0/grpcio-1.51.3-cp38-cp38-musllinux_1_1_i686.whl", hash = "sha256:49ede0528e9dac7e8a9fe30b16c73b630ddd9a576bf4b675eb6b0c53ee5ca00f"},
    {url = "https://files.pythonhosted.org/packages/fd/6b/2bb1192d0c5ddc527ef4ba7ee18f2581149681d373e6294f8fbb1a1b2156/grpcio-1.51.3-cp310-cp310-musllinux_1_1_i686.whl", hash = "sha256:200d69857f9910f7458b39b9bcf83ee4a180591b40146ba9e49314e3a7419313"},
]
"grpcio-tools 1.51.3" = [
    {url = "https://files.pythonhosted.org/packages/02/34/2986c6c6dffffc6e79ffe1d870b12c81ecd0fdf352f39174de1145483bf1/grpcio_tools-1.51.3-cp311-cp311-macosx_10_10_universal2.whl", hash = "sha256:89a68adcb4238aba69f3a364ac02c9a46e55b9e3fd8af1c6f384079abfa9347c"},
    {url = "https://files.pythonhosted.org/packages/05/6b/e5aec7fa16d1a73316cefb3ec51a402e3269bee5a6d11fe0c3bb1f15d6bc/grpcio_tools-1.51.3-cp39-cp39-manylinux_2_17_i686.manylinux2014_i686.whl", hash = "sha256:bb554408e0ec5ff5201013f268726d9eef8e5bd1fd4b4e09c46c0b4a9de8b64c"},
    {url = "https://files.pythonhosted.org/packages/09/77/c26101788563ea0c3a3322a3fdd47aaff9fc3aa8aac044b35c6e25db1801/grpcio_tools-1.51.3-cp311-cp311-manylinux_2_17_i686.manylinux2014_i686.whl", hash = "sha256:78d177da43e7f6fde6715df4a3015ae13158166bc2845ac7f9cfb526eafb41b8"},
    {url = "https://files.pythonhosted.org/packages/11/66/3e69e7a6feba8fed82e09226530aee57097fc572a5078d447e95b7165571/grpcio_tools-1.51.3-cp311-cp311-win32.whl", hash = "sha256:7427939455735fbf2ea88c37f1585c9c8b809eec7b447642f34465eb4d26020b"},
    {url = "https://files.pythonhosted.org/packages/13/5d/41ba672b62fd121f125849b4a64a17a06903b59edaa22cf2a3292b1f2816/grpcio_tools-1.51.3-cp38-cp38-manylinux_2_17_i686.manylinux2014_i686.whl", hash = "sha256:b486a99bdf2722e68a9d59769389e2fb86878b6f293be5111f7678e364a0c359"},
    {url = "https://files.pythonhosted.org/packages/15/55/beaa921f50ad15ee23deda32a5f51a6c663b4b87c36ec7c0c2c252735c50/grpcio_tools-1.51.3-cp310-cp310-manylinux_2_17_aarch64.whl", hash = "sha256:35f885c5afd8e6a77d320f5a9624b439a93f9be2b87fa7b7948c1ad7b2ba0894"},
    {url = "https://files.pythonhosted.org/packages/1c/55/e1d3ee3ecc3b49b28c4f5b618d80e2792818b1a3a1e165ca0c569b3bf061/grpcio_tools-1.51.3-cp311-cp311-linux_armv7l.whl", hash = "sha256:b50f9b8a6482a90c1a41e731a879a130f7dea267065d0a06f47c9160ce5d01c3"},
    {url = "https://files.pythonhosted.org/packages/1c/a3/fc11a7ce111c4458f75db2caba79fb4da73e0d0096d76656d197b6be45b3/grpcio_tools-1.51.3-cp39-cp39-win32.whl", hash = "sha256:980e632710ba05e04364c6f276e905d5d367437f1ce2265ce7b96b5c1eac5693"},
    {url = "https://files.pythonhosted.org/packages/23/68/efa2b4d7a453430df81e11374b0fe9667f4267829dcf86b706d4c90048d1/grpcio_tools-1.51.3-cp38-cp38-manylinux_2_17_x86_64.manylinux2014_x86_64.whl", hash = "sha256:c8bbf412c357999f88d87f421fd48b4b114fc037fec7bbaed0cb7620c24a5e44"},
    {url = "https://files.pythonhosted.org/packages/29/97/b37f8528998542f8695d0be87b2e5887ba4a8c1f445a82f971c1b51fc9cc/grpcio_tools-1.51.3-cp38-cp38-musllinux_1_1_i686.whl", hash = "sha256:1166744c40821bb0aa605d2af2287fac367756f858a3d18f4c3d25bc0b92757b"},
    {url = "https://files.pythonhosted.org/packages/2e/1b/8edc63842cef0b592977a46a4b04aa6004506c778678d3ef3e81d1127596/grpcio_tools-1.51.3-cp310-cp310-manylinux_2_17_i686.manylinux2014_i686.whl", hash = "sha256:253b639fb79a4d28ce494ae40e5695bf1e2cb4a05f205fc433c46b2049ab4d99"},
    {url = "https://files.pythonhosted.org/packages/38/62/a43b23884a342f1435e338c70f4f4259c7425f4a8c35949db04ba7cdba9a/grpcio_tools-1.51.3-cp38-cp38-macosx_10_10_universal2.whl", hash = "sha256:233fc56f054424232e2086f444004413e33c699174ce6ee0e279c25227243fec"},
    {url = "https://files.pythonhosted.org/packages/3c/c8/54e8018ffbca2f1ebc45a1c602e0189d21ac32f2eca874fe5be0b925e77a/grpcio_tools-1.51.3-cp38-cp38-win_amd64.whl", hash = "sha256:584b201fb39307dcb1affcf2647656a0e6244423ef1659cc6caa3ff85c5ae5c1"},
    {url = "https://files.pythonhosted.org/packages/40/8d/0ad5c57bb2c0186ad537f8dd60bac97479f2e3f90545ea1a7d801d7debb7/grpcio_tools-1.51.3-cp311-cp311-manylinux_2_17_x86_64.manylinux2014_x86_64.whl", hash = "sha256:793f9edef82f600a3324f8a3d8cd8318a8d02f28fb54f8236cbb35ce0928d186"},
    {url = "https://files.pythonhosted.org/packages/41/bd/1bcc11b060e0e702e0d7667406670346951c6dfd69502c46bc093256791d/grpcio_tools-1.51.3-cp39-cp39-win_amd64.whl", hash = "sha256:5f4c47b14e66f80365cd5667ecc2f7fb0eb91e02c4e54362041b758feaa00511"},
    {url = "https://files.pythonhosted.org/packages/57/10/a183071449f4dce7a3e585cf6c4b4979adc30647e2913d53d5477882df99/grpcio_tools-1.51.3-cp37-cp37m-macosx_10_10_universal2.whl", hash = "sha256:405656b3cf9639427e6c30a795570cba4a7c06b88a3145866f7d2c05b7e048b4"},
    {url = "https://files.pythonhosted.org/packages/5a/91/f8ff971aa5d2874048ef6e7641071fc6a24ff371355a3ddfa2f46149a7c8/grpcio_tools-1.51.3-cp39-cp39-macosx_10_10_universal2.whl", hash = "sha256:fbb742e10bd548031b8d80f7c28eb70c7c3a9850f8e99c98cd496f19a05f9fee"},
    {url = "https://files.pythonhosted.org/packages/5f/c0/af6dbe9994bb895aaa570792ea81fc6c22868678ae6565f4dd4a13026e07/grpcio_tools-1.51.3-cp310-cp310-linux_armv7l.whl", hash = "sha256:779ac1ad2258b8debaa45595bfb3814806ed8880e3ea7f194e551d76a6255969"},
    {url = "https://files.pythonhosted.org/packages/61/61/d671603df82ae67075196f50511bb276fdbe25579597b7b27e895ddd653e/grpcio_tools-1.51.3-cp38-cp38-linux_armv7l.whl", hash = "sha256:7fd18d8d211fbfd337fc12e5bdd57e62368f636addf901d290e68a39f1dfea38"},
    {url = "https://files.pythonhosted.org/packages/64/6d/f4e128c3cf88bcbc33e7c60aedeb7569c6c567f9e8bd59223399aeb1e5a5/grpcio_tools-1.51.3-cp310-cp310-musllinux_1_1_i686.whl", hash = "sha256:046c0b1e372d4acf552aa0c8f5e830f019d67b75f25aeb0968d15fbdd3eaabd3"},
    {url = "https://files.pythonhosted.org/packages/67/47/655760fb907afc75c661ceb28ae3271c27c16ac83b12d6061f07fc6e2cd6/grpcio_tools-1.51.3-cp37-cp37m-win_amd64.whl", hash = "sha256:ef849687c7f2bd7f3277edc7c7cafc7042823d0fb078e3c01c861eb0c96ed181"},
    {url = "https://files.pythonhosted.org/packages/72/8e/b2ae3338447334418ebba124baf7ca5f6238c4980c483abf3f2682bf62ed/grpcio_tools-1.51.3-cp310-cp310-win_amd64.whl", hash = "sha256:077adaee431c2b040dd77923964577087c32e828908e8fa2e53f8e003ad408c9"},
    {url = "https://files.pythonhosted.org/packages/76/f3/a7b7b9caf525c3ebfb7eb3092c5d79470d04aa118d0c0f11ba2569c12dad/grpcio_tools-1.51.3-cp310-cp310-manylinux_2_17_x86_64.manylinux2014_x86_64.whl", hash = "sha256:0c6b145587d6062e2335f0b3286501dd6853a1ea50bd466a913351b7c48e5f20"},
    {url = "https://files.pythonhosted.org/packages/87/a0/4908c43aac558837a5918b3990c9a13028cfebd92249eefe5ac442884fec/grpcio_tools-1.51.3-cp311-cp311-musllinux_1_1_x86_64.whl", hash = "sha256:f2df233a3e7db23d9b516cb5e2bfe029465f40a72978bee0584e44e7860ea73f"},
    {url = "https://files.pythonhosted.org/packages/8b/8f/0834f02287526cd003ad56d100ec41b2c51ad677a2754c7322b258eec2f8/grpcio_tools-1.51.3-cp311-cp311-musllinux_1_1_i686.whl", hash = "sha256:f7583735542ced7d30baec6cc21bffeaffcec1523bf807e8f8f0047113b6d30a"},
    {url = "https://files.pythonhosted.org/packages/8f/ce/1d2ab7fb53c136869135d178026fb51e227762d2cdf04ad66e629992cdb0/grpcio_tools-1.51.3-cp38-cp38-musllinux_1_1_x86_64.whl", hash = "sha256:781896c488e07b9463196045e6725e52d018cd7d0e1062d4ab1eee2647ca9170"},
    {url = "https://files.pythonhosted.org/packages/aa/75/87712b067c7ce43861d0f9a56b846c506f900c0883799cab3484b69253bf/grpcio_tools-1.51.3-cp39-cp39-musllinux_1_1_i686.whl", hash = "sha256:715c792679224171c0584e9f235b921d76f8990deb38b0d1215d0469301d9cd9"},
    {url = "https://files.pythonhosted.org/packages/aa/fe/6c33cb5e43aa9e9939d0b298bc08e3d8929ebba0561adc61950d9dbccef5/grpcio_tools-1.51.3-cp37-cp37m-musllinux_1_1_i686.whl", hash = "sha256:2fade12de08923b350475ca16d0d0bd68578c30fce89147aa0f94ef5759bc5a9"},
    {url = "https://files.pythonhosted.org/packages/b4/1f/55f65067c44cff92008a8bbc6493f0a5aabfe1532e85b876d3d0cfc7315a/grpcio_tools-1.51.3-cp37-cp37m-win32.whl", hash = "sha256:f8d17271fc58ed3503dd571c79917e126deca51f85f093770a9606e806aac9dc"},
    {url = "https://files.pythonhosted.org/packages/ba/1c/4a546c6632c7b19b06fc7c5bf4ea0ddbc2bb9fd556ae525bea9fcbbcbf8f/grpcio_tools-1.51.3-cp39-cp39-musllinux_1_1_x86_64.whl", hash = "sha256:ece44f42b10e0bceb49235be1e361e1ee69afee7f938c82fb656a601a4a720e3"},
    {url = "https://files.pythonhosted.org/packages/ba/c5/0862cc10413cc7be9ab8fd5bb3967fbb3fd26e55bb880b21d45bc6008c2a/grpcio_tools-1.51.3-cp39-cp39-manylinux_2_17_x86_64.manylinux2014_x86_64.whl", hash = "sha256:158c5bfe7e157fd9a944bde9f7dfe3b468416666e4fade77cd17caa3edc8bd81"},
    {url = "https://files.pythonhosted.org/packages/c9/02/a19e7e0ad8b015e4e1b1395c7477e9c638174231fc02213f5298432d9c8e/grpcio_tools-1.51.3-cp310-cp310-musllinux_1_1_x86_64.whl", hash = "sha256:efc90b0287908c46281eb61933acaa1b96a575d0160fc98b5c64b9dec46f60d1"},
    {url = "https://files.pythonhosted.org/packages/d5/7a/306320eb6597a6f89ee02f73ddf7b7608b8dd2f4da4f7b8b94949d6ca544/grpcio_tools-1.51.3-cp310-cp310-win32.whl", hash = "sha256:8e9df40db7a0edd403b539cc142d6114270e35debf723a5b4a7a93d5c30fffc0"},
    {url = "https://files.pythonhosted.org/packages/dc/6a/02952bc9ce4d094ce50fea3f43859c888c9d0f21f40f7a1a61abb38b06a9/grpcio_tools-1.51.3-cp37-cp37m-musllinux_1_1_x86_64.whl", hash = "sha256:d4ffb6325ed489065dbdca764cf37c3a29376bc657874116c9af788d7a0d2ee4"},
    {url = "https://files.pythonhosted.org/packages/e3/b2/8c88f5bfd2181b1ecef103f71b8f1411517441a8359bab4895180bbbe2a4/grpcio_tools-1.51.3-cp39-cp39-manylinux_2_17_aarch64.whl", hash = "sha256:a836a72c657f751244cdb358c3461a89627e6d02654079d2450cfe361800428c"},
    {url = "https://files.pythonhosted.org/packages/eb/db/b72f516b4d6aba545dc1b64aad62ba6debf64650db69682ef7332055040b/grpcio_tools-1.51.3-cp38-cp38-win32.whl", hash = "sha256:35c1ee7c766eb586f04ba41fa7711eb847767eb277a1737998374ac57768f1f0"},
    {url = "https://files.pythonhosted.org/packages/ed/eb/1443b5b181d62609b4b45f1e5b270754ea96da81e4b538bb87465a545ea7/grpcio_tools-1.51.3-cp37-cp37m-manylinux_2_17_x86_64.manylinux2014_x86_64.whl", hash = "sha256:46e8df08b65f9379c3f103147b29542b0141ca84e77d0eee9114ca5f9b3f0d23"},
    {url = "https://files.pythonhosted.org/packages/f4/24/d7417b296b90f1e6464759b4bfb69b873aa7bbe69cc6809a55eb171a19e8/grpcio_tools-1.51.3-cp37-cp37m-linux_armv7l.whl", hash = "sha256:d2212c682529263b3c9e903092d0ccbb9fc6afba820e4c2fa52c2c27720cdcae"},
    {url = "https://files.pythonhosted.org/packages/f5/ec/a0c14f41ac7647baea9cb470f302d4b5984ab91d4f19e92e83e1d020c6a1/grpcio_tools-1.51.3-cp37-cp37m-manylinux_2_17_i686.manylinux2014_i686.whl", hash = "sha256:c7b3374f4a6579c58d16a5fab2e6b4e9bb8625a034a7f4cd6024f4d1cc12f2a0"},
    {url = "https://files.pythonhosted.org/packages/f7/a3/da6a56cfe2dbd07691c0e3b05edac2b1fef2484b70b0da2770db835e9cdd/grpcio_tools-1.51.3-cp311-cp311-win_amd64.whl", hash = "sha256:ba76d15fd149b575170fa32a1f6a9ff2b38ff9db223229a8ad6f53450a452688"},
    {url = "https://files.pythonhosted.org/packages/fb/b4/b01c9fae4ccb629eb47ba09555e89021e3a94185cb673ff4842f1e25c0a1/grpcio_tools-1.51.3-cp38-cp38-manylinux_2_17_aarch64.whl", hash = "sha256:867fa1973fa8b0772077c15425f122f672a18b1c53709a8a2bff9d056db4c20e"},
    {url = "https://files.pythonhosted.org/packages/fb/cb/0aaa1ecdf64dea6f6df1137978212a8d2e109d20fa31b0cafa61d13f8de5/grpcio_tools-1.51.3-cp39-cp39-linux_armv7l.whl", hash = "sha256:e02231e21029f716a1d23a0b5e664fa243d147da33a3f55088a9529b860aa4ac"},
    {url = "https://files.pythonhosted.org/packages/ff/17/5dfbb5dd5d3f0add353e8f4905b7591f7af69b4df1ab2d5fd2c95f812e69/grpcio_tools-1.51.3-cp37-cp37m-manylinux_2_17_aarch64.whl", hash = "sha256:3c445a064b2ef3d3475e26e2add8ddb4ac2933741ecddf71d5b071a3ad078db4"},
    {url = "https://files.pythonhosted.org/packages/ff/fc/daa42e82f8bb30a20e1c8dd20cfd3a58ddb6224237d5c5d38989e2f55689/grpcio_tools-1.51.3-cp310-cp310-macosx_12_0_universal2.whl", hash = "sha256:83bf605fe2b3591d3c8a78646f37c72c5832c4dd84b5f92405c17cb10b136be6"},
]
"protobuf 4.22.3" = [
    {url = "https://files.pythonhosted.org/packages/25/ca/79af03ceec0f9439d8fb5c2c8d99454c5c4f8c7fe00c8e7dbb280a8177c8/protobuf-4.22.3-cp38-cp38-win_amd64.whl", hash = "sha256:f2f4710543abec186aee332d6852ef5ae7ce2e9e807a3da570f36de5a732d88e"},
    {url = "https://files.pythonhosted.org/packages/2f/db/42950497852aa35940a33e29118d8a2117fb20072bee08728f0948b70d7a/protobuf-4.22.3-cp38-cp38-win32.whl", hash = "sha256:f08aa300b67f1c012100d8eb62d47129e53d1150f4469fd78a29fa3cb68c66f2"},
    {url = "https://files.pythonhosted.org/packages/3d/df/045aa99824f00c732410463512c52c2137f0a8cb968be573e63c9a679a84/protobuf-4.22.3-cp37-abi3-macosx_10_9_universal2.whl", hash = "sha256:d14fc1a41d1a1909998e8aff7e80d2a7ae14772c4a70e4bf7db8a36690b54425"},
    {url = "https://files.pythonhosted.org/packages/5b/98/1856887e6b5d707f06bad7a0a19a6f166819cde6df472cd463b3c54b4bc3/protobuf-4.22.3-cp37-cp37m-win32.whl", hash = "sha256:ecae944c6c2ce50dda6bf76ef5496196aeb1b85acb95df5843cd812615ec4b61"},
    {url = "https://files.pythonhosted.org/packages/5d/d5/ce54c05165aee15a3353bff5e18891699ffe5c580a827500412c14097584/protobuf-4.22.3-cp310-abi3-win32.whl", hash = "sha256:8b54f56d13ae4a3ec140076c9d937221f887c8f64954673d46f63751209e839a"},
    {url = "https://files.pythonhosted.org/packages/64/1a/607462fe9bd9815571b92510074a74f2012cca6b564ecc65a9d65ecec6da/protobuf-4.22.3-cp39-cp39-win32.whl", hash = "sha256:7cf56e31907c532e460bb62010a513408e6cdf5b03fb2611e4b67ed398ad046d"},
    {url = "https://files.pythonhosted.org/packages/6d/f6/695ae28e310ea84fbde27cbca851e3dbdc51fcef0f79f622166932b7b7e4/protobuf-4.22.3-cp37-abi3-manylinux2014_aarch64.whl", hash = "sha256:70659847ee57a5262a65954538088a1d72dfc3e9882695cab9f0c54ffe71663b"},
    {url = "https://files.pythonhosted.org/packages/82/48/09fad23447675247e42f4262191505dbb4c9a67b372f593cd1465968c522/protobuf-4.22.3-cp37-cp37m-win_amd64.whl", hash = "sha256:d4b66266965598ff4c291416be429cef7989d8fae88b55b62095a2331511b3fa"},
    {url = "https://files.pythonhosted.org/packages/8f/fd/04c33233cbc10b183f19ac1d57f04e849bf62f80837aa332b95dfd2dc44a/protobuf-4.22.3-cp310-abi3-win_amd64.whl", hash = "sha256:7760730063329d42a9d4c4573b804289b738d4931e363ffbe684716b796bde51"},
    {url = "https://files.pythonhosted.org/packages/d3/4b/ba25359a15db99b12b59c1d68ccbd0c1d2d4c0c874d9b92f19b5f89d8293/protobuf-4.22.3-py3-none-any.whl", hash = "sha256:52f0a78141078077cfe15fe333ac3e3a077420b9a3f5d1bf9b5fe9d286b4d881"},
    {url = "https://files.pythonhosted.org/packages/f4/fd/d8d309382c71c5e83a1920ae9840410396e595e3b36229d96e3ba755687e/protobuf-4.22.3-cp37-abi3-manylinux2014_x86_64.whl", hash = "sha256:13233ee2b9d3bd9a5f216c1fa2c321cd564b93d8f2e4f521a85b585447747997"},
    {url = "https://files.pythonhosted.org/packages/f8/70/6291e75633eeaa24fed46c9f66091bec184644e6159f392ac32eb92b1f65/protobuf-4.22.3-cp39-cp39-win_amd64.whl", hash = "sha256:e0e630d8e6a79f48c557cd1835865b593d0547dce221c66ed1b827de59c66c97"},
]
"setuptools 67.6.1" = [
    {url = "https://files.pythonhosted.org/packages/0b/fc/8781442def77b0aa22f63f266d4dadd486ebc0c5371d6290caf4320da4b7/setuptools-67.6.1-py3-none-any.whl", hash = "sha256:e728ca814a823bf7bf60162daf9db95b93d532948c4c0bea762ce62f60189078"},
]
