# This file is @generated by PDM.
# It is not intended for manual editing.

[[package]]
name = "colorama"
version = "0.4.6"
requires_python = "!=3.0.*,!=3.1.*,!=3.2.*,!=3.3.*,!=3.4.*,!=3.5.*,!=3.6.*,>=2.7"
summary = "Cross-platform colored terminal text."

[[package]]
name = "exceptiongroup"
version = "1.1.2"
requires_python = ">=3.7"
summary = "Backport of PEP 654 (exception groups)"

[[package]]
name = "grpcio"
version = "1.53.2"
requires_python = ">=3.7"
summary = "HTTP/2-based RPC framework"

[[package]]
name = "grpcio-tools"
version = "1.53.2"
requires_python = ">=3.7"
summary = "Protobuf code generator for gRPC"
dependencies = [
    "grpcio>=1.53.2",
    "protobuf<5.0dev,>=4.21.6",
    "setuptools",
]

[[package]]
name = "iniconfig"
version = "2.0.0"
requires_python = ">=3.7"
summary = "brain-dead simple config-ini parsing"

[[package]]
name = "packaging"
version = "23.1"
requires_python = ">=3.7"
summary = "Core utilities for Python packages"

[[package]]
name = "pluggy"
version = "1.2.0"
requires_python = ">=3.7"
summary = "plugin and hook calling mechanisms for python"

[[package]]
name = "prometheus-client"
version = "0.19.0"
requires_python = ">=3.8"
summary = "Python client for the Prometheus monitoring system."

[[package]]
name = "protobuf"
version = "4.22.3"
requires_python = ">=3.7"
summary = ""

[[package]]
name = "pytest"
version = "7.4.4"
requires_python = ">=3.7"
summary = "pytest: simple powerful testing with Python"
dependencies = [
    "colorama; sys_platform == \"win32\"",
    "exceptiongroup>=1.0.0rc8; python_version < \"3.11\"",
    "iniconfig",
    "packaging",
    "pluggy<2.0,>=0.12",
    "tomli>=1.0.0; python_version < \"3.11\"",
]

[[package]]
name = "pyyaml"
version = "6.0.1"
requires_python = ">=3.6"
summary = "YAML parser and emitter for Python"

[[package]]
name = "setuptools"
version = "67.6.1"
requires_python = ">=3.7"
summary = "Easily download, build, install, upgrade, and uninstall Python packages"

[[package]]
name = "tabulate"
version = "0.9.0"
requires_python = ">=3.7"
summary = "Pretty-print tabular data"

[[package]]
name = "tomli"
version = "2.0.1"
requires_python = ">=3.7"
summary = "A lil' TOML parser"

[metadata]
lock_version = "4.2"
cross_platform = true
groups = ["default", "dev", "test"]
content_hash = "sha256:e5a8ead403c8b270647b5ffc334182dccee2d69c02c0ef0f2103f292c8b931ab"

[metadata.files]
"colorama 0.4.6" = [
    {url = "https://files.pythonhosted.org/packages/d1/d6/3965ed04c63042e047cb6a3e6ed1a63a35087b6a609aa3a15ed8ac56c221/colorama-0.4.6-py2.py3-none-any.whl", hash = "sha256:4f1d9991f5acc0ca119f9d443620b77f9d6b33703e51011c16baf57afb285fc6"},
]
"exceptiongroup 1.1.2" = [
    {url = "https://files.pythonhosted.org/packages/fe/17/f43b7c9ccf399d72038042ee72785c305f6c6fdc6231942f8ab99d995742/exceptiongroup-1.1.2-py3-none-any.whl", hash = "sha256:e346e69d186172ca7cf029c8c1d16235aa0e04035e5750b4b95039e65204328f"},
]
"grpcio 1.53.2" = [
    {url = "https://files.pythonhosted.org/packages/05/71/fd97d7aca7b3d476de623073f89598ba06213340fe816efe0383b248061f/grpcio-1.53.2-cp39-cp39-musllinux_1_1_x86_64.whl", hash = "sha256:d9c51ca201326b49cfee38336c6e7dd1cb8a6b6d0dcf84aeaecbae310a736dbc"},
    {url = "https://files.pythonhosted.org/packages/0e/84/5dee051586b07acd0384550c7b67842900bcba97295d58ecde23df49c2db/grpcio-1.53.2-cp38-cp38-win_amd64.whl", hash = "sha256:b676c4365a5753bc8c49f922a5f88bdb5df6746c670a9d859d2ba2f5f97d9269"},
    {url = "https://files.pythonhosted.org/packages/0e/a7/03b9408c3a1204501bda1699b050b3bd74c95ccba01b2ef65b96fbf43cfd/grpcio-1.53.2-cp37-cp37m-musllinux_1_1_i686.whl", hash = "sha256:9efbedc737ba342d8a2459afc9bd5c5df31adcdf774b772a4e663739f2cf0d06"},
    {url = "https://files.pythonhosted.org/packages/13/b9/072790ace42e9c8d0f7ed8cc56a33c11ed362e23dc8c73eb5ad2ca028aa4/grpcio-1.53.2-cp38-cp38-linux_armv7l.whl", hash = "sha256:f9f7c0dd17f24e1774cc3a8df738246772994e853c28b28ed6ba7711ccf0abb4"},
    {url = "https://files.pythonhosted.org/packages/1b/18/dac3632611a671a101f6749a9b16bca3064f1f4d1d4d4090da1acd321094/grpcio-1.53.2-cp310-cp310-manylinux_2_17_i686.manylinux2014_i686.whl", hash = "sha256:df07843c8c0dc71a56d3af3dfe19165fb0d3af7d3354a72185f6fa1b4ac05cab"},
    {url = "https://files.pythonhosted.org/packages/22/40/5fd5ce6d5b5e890b9d6571114be8a6a5aa1d317bd779b29afcf528060f2f/grpcio-1.53.2-cp311-cp311-musllinux_1_1_i686.whl", hash = "sha256:53d34cbf212f03634d74ba366d595b4a06a3b60fcc731eddbd6fd7ebe4acf981"},
    {url = "https://files.pythonhosted.org/packages/29/99/4bfd7575f903b24d4ca998f79bd49cc2d6afa819a9e4b5343eb2115c9d28/grpcio-1.53.2-cp39-cp39-manylinux_2_17_aarch64.whl", hash = "sha256:431f864f2642a97d0aa8c6b606c307f03d22f919b1a226af90488426aed35809"},
    {url = "https://files.pythonhosted.org/packages/2e/3c/f3f0bcc42beb3b5e2b8284b54e8bf6c51e764fffcc3f839efea50284307b/grpcio-1.53.2-cp37-cp37m-win_amd64.whl", hash = "sha256:d406cf2f6ccf39883a24b048c448a37bac16939408c1b6fbb4d021f3cd961448"},
    {url = "https://files.pythonhosted.org/packages/30/98/96b6499fd5099ab6a2ab7ddabde4644fea064aafa41db8e5952fd6e49a07/grpcio-1.53.2-cp311-cp311-linux_armv7l.whl", hash = "sha256:8166ac6671472d172cc0db50323b7a7504bd534de54aa31354465a00ca44409d"},
    {url = "https://files.pythonhosted.org/packages/31/02/816d17300481aee271a3c9bc13958af7a19653a967b2cadbea52e513cb2f/grpcio-1.53.2-cp37-cp37m-linux_armv7l.whl", hash = "sha256:69e99fe6bdc2cdacd04cef6b6585b00630d958c98e36d825de3eea406e15fb31"},
    {url = "https://files.pythonhosted.org/packages/37/ae/791921c114f2a8cebe3ded45938d7e161305b18d1247690b2a8d6196d316/grpcio-1.53.2-cp38-cp38-macosx_10_10_universal2.whl", hash = "sha256:f14a82d12d53eb93298c35edf88d8c3ef37243b95f94dd3c75fddcba575d34ab"},
    {url = "https://files.pythonhosted.org/packages/3b/a1/652bbe3f6b62b246b03d00e6492a07b45967db8fbba30485323ab57458b5/grpcio-1.53.2-cp310-cp310-win_amd64.whl", hash = "sha256:5b49f372df33f5f84865aef5d46cacd23180b586c80e8cbe0ce149b96dfa8c4c"},
    {url = "https://files.pythonhosted.org/packages/42/6a/fc61080da07a0cd42794569ca6dc4cc4aad4ab15caf85481e2862e4da274/grpcio-1.53.2-cp37-cp37m-manylinux_2_17_aarch64.whl", hash = "sha256:1fcced1abb13cdb6a5d8b105765d30212a6cb29ab0dfb01eedecf2ff6c84371b"},
    {url = "https://files.pythonhosted.org/packages/43/7c/c5b709353b555437127189d0e8dbc6c65d8dbc7d0cd5554690be61cc6316/grpcio-1.53.2-cp39-cp39-macosx_10_10_universal2.whl", hash = "sha256:80a8867746cff41c2db436dd9eea18ebbfcd0449d65b64b3ed3c995207898971"},
    {url = "https://files.pythonhosted.org/packages/49/50/82eea5269c5e69c208799cad6448ed36008617b19014ba797edb1620e9b2/grpcio-1.53.2-cp37-cp37m-musllinux_1_1_x86_64.whl", hash = "sha256:0f76287d98ec79a38cba8292d0bdcd6ab9b9daf568dce1d53b9eb0135fc14d26"},
    {url = "https://files.pythonhosted.org/packages/4e/74/8caf7d6ee177aaa3b4d8dee7a0d74689264506726da52431a77f03bd237f/grpcio-1.53.2-cp310-cp310-musllinux_1_1_x86_64.whl", hash = "sha256:0e92dc6a85cd1de42527812ef1276095e62169d002d86c888b6e889fcda1dd29"},
    {url = "https://files.pythonhosted.org/packages/52/57/85a0055321a205530ca873e237508092ddcee9b59cd68e820283cb17f0f2/grpcio-1.53.2-cp38-cp38-manylinux_2_17_x86_64.manylinux2014_x86_64.whl", hash = "sha256:7ea235cecb9df14b49a75cbd27a634683a96bb76576363407ec820ae454ce2b2"},
    {url = "https://files.pythonhosted.org/packages/53/70/6c50cffa387319e80689a41487fe3d604243bd3bc7057035782692e1e042/grpcio-1.53.2-cp311-cp311-win_amd64.whl", hash = "sha256:1d1a320230e0d020880178b8eb453300bd57700b44c3744268370502e7376a9b"},
    {url = "https://files.pythonhosted.org/packages/56/19/16a81e3dddaa89fdd2c0589b1b6f2ec698e770fc8aa04fc794abcb90712e/grpcio-1.53.2-cp38-cp38-musllinux_1_1_i686.whl", hash = "sha256:1df931fbb4c36363d2cb985c2c26fda8f060b541a89c6c1191fdb59151a8c934"},
    {url = "https://files.pythonhosted.org/packages/56/c2/72585ea14b9bb6314ac3a66ccbff2ff1981f10f4a1d556062f79274c2281/grpcio-1.53.2-cp310-cp310-manylinux_2_17_x86_64.manylinux2014_x86_64.whl", hash = "sha256:5b403c4ad22f3ba37c7720547d8888a1e4b74ad980a94332bbbc50330b623abc"},
    {url = "https://files.pythonhosted.org/packages/5b/bf/a618f8161c6b1d994b6739f6c36d30576649648fd57fe04e1dd0d5d55642/grpcio-1.53.2-cp310-cp310-musllinux_1_1_i686.whl", hash = "sha256:6275a54b41d6b1ec539b019bc3affaf6d05b0a0ba36af1a65b8a2810ef69e07d"},
    {url = "https://files.pythonhosted.org/packages/5d/9b/b341e3935b350e014a7fcb047f398145e89e24d59a8fb5413b837a286a4d/grpcio-1.53.2-cp37-cp37m-manylinux_2_17_i686.manylinux2014_i686.whl", hash = "sha256:07b83c06e7d113044cf3da15ca52f578c5f3dca299af711e9a589c1b71eb8be5"},
    {url = "https://files.pythonhosted.org/packages/77/ca/04102d5ea1ac86948137e3161e701f31cb31e67f34d8f1cef37802e90e2a/grpcio-1.53.2-cp38-cp38-win32.whl", hash = "sha256:b16258a31269b97e26a08d71b5deb56499e86077d26e453fad8f6ec4c06fe666"},
    {url = "https://files.pythonhosted.org/packages/7c/02/9c112b966d26cc69c6e60aa8005ded6e7802597c6a147ae2ac6a21ec94ba/grpcio-1.53.2-cp310-cp310-macosx_12_0_universal2.whl", hash = "sha256:33f7678287ac330c94e25f96cdb951e0861e206115ba4d8ea66cf6546b1a09d0"},
    {url = "https://files.pythonhosted.org/packages/81/5a/24d5d08993ed178601db9691dad3c476e5303f90a8fde80329f6e62f5773/grpcio-1.53.2-cp39-cp39-manylinux_2_17_i686.manylinux2014_i686.whl", hash = "sha256:bea6a20c5a732a27b64623d43614b3022e6fcfc081a75236b7f9aa069d2eaa4d"},
    {url = "https://files.pythonhosted.org/packages/8a/65/32f100de0f4e8eb260c8416886be1f5048091302cf6c1ccf51e898d22cae/grpcio-1.53.2-cp311-cp311-win32.whl", hash = "sha256:7b44ed75b9d67d17e5a098a0f99a8fd3e5861fd3c4eb54212277a0acdf298434"},
    {url = "https://files.pythonhosted.org/packages/94/e5/5f070c27e7851a97dd0aebdd8791ddb8273269aefc2e9a94b9856cdcfd33/grpcio-1.53.2-cp38-cp38-musllinux_1_1_x86_64.whl", hash = "sha256:7734d1b91f1f3b1f186debf8ec4d168ee088a54e8186c14d89a95f7e51d3198d"},
    {url = "https://files.pythonhosted.org/packages/9a/e1/a56dcd844a4ad96082b7fed4c4b9622d03bd33eca7505c2a927a4c1bca4b/grpcio-1.53.2-cp39-cp39-win_amd64.whl", hash = "sha256:ea84becb5cbd6a94a810c5214eb263ae57e915a9ed1bdcd5b4a6baf13d8c5177"},
    {url = "https://files.pythonhosted.org/packages/ac/42/e18ddb6aac03d9d6c2a478c23642f792c0c0ca76c91d443f47d549c407de/grpcio-1.53.2-cp38-cp38-manylinux_2_17_aarch64.whl", hash = "sha256:1deeb84bb344351434f999cea4704ac6f1e07b3d861e34c44b50d8afa06caaa1"},
    {url = "https://files.pythonhosted.org/packages/ac/8a/421ff1b4ae7b41ae486c11c1ac47f498f06eb5a5bc6fc73c2f7a9132cafd/grpcio-1.53.2-cp310-cp310-manylinux_2_17_aarch64.whl", hash = "sha256:1af074f28a56425e4f4d99761708981543a27ae963f5b4b0a36ff71f3483479d"},
    {url = "https://files.pythonhosted.org/packages/b0/a8/fca7ba2bff41fc1841bc788fab3e57cdb64852d9b4ac395fc81d995ae9a8/grpcio-1.53.2-cp39-cp39-linux_armv7l.whl", hash = "sha256:8fc7667564c8c15748354dea1bb4035c5118df4e9dc5154ccdb6e62a3e5a2bac"},
    {url = "https://files.pythonhosted.org/packages/c0/22/27cdd4eaaf3e250d1b0ab7f8e10262fafcc9ae1067013586b0843526fa69/grpcio-1.53.2-cp37-cp37m-macosx_10_10_universal2.whl", hash = "sha256:590c7206f764cfe37a65003a75977358e20919ed488f970935f54efa2741b497"},
    {url = "https://files.pythonhosted.org/packages/c2/52/549f29c0d41baab9642ab09916b81912f49e90a5c7d4dbaeb646502622b3/grpcio-1.53.2-cp39-cp39-musllinux_1_1_i686.whl", hash = "sha256:2b4f5671f9e88b7f51f54adda37a23277b7fdebd1557c47543b3e8a8044dd510"},
    {url = "https://files.pythonhosted.org/packages/c8/d8/7ac01cc692eaf752a000747aebba64f8142874a13de218ff0ab9b1e1a726/grpcio-1.53.2-cp310-cp310-linux_armv7l.whl", hash = "sha256:18afdda2bbe0c615da4daff754cab0df9bbd859c415d85e7e741a2975b3208b4"},
    {url = "https://files.pythonhosted.org/packages/cc/77/44d5a25d45756a8b8b1d09b8ef7ef695c6edd8489e320488db1925917d8e/grpcio-1.53.2-cp39-cp39-win32.whl", hash = "sha256:7e6885a8431939f1ee547e965fa3cb801a518b83d3d3509e90dbef78f0b5fd29"},
    {url = "https://files.pythonhosted.org/packages/d4/2c/b05d13e8bd712fd6128b9c832dd87d7c9cb8873487479bb32e249d40a2ae/grpcio-1.53.2-cp311-cp311-manylinux_2_17_aarch64.whl", hash = "sha256:712113946b303db9ae4245a13de213710367850a6c3c53530b70e87989feb8e0"},
    {url = "https://files.pythonhosted.org/packages/da/4a/f0444ac37a2bb120c41ed02970125814a991caa9b833386f8a85aea442cf/grpcio-1.53.2-cp311-cp311-manylinux_2_17_x86_64.manylinux2014_x86_64.whl", hash = "sha256:24c63592103fded38b258f1e520ba8b0a7a0bbc397cddd6520a1f74dc4b5dec0"},
    {url = "https://files.pythonhosted.org/packages/e0/ac/6bf874a7f5d8576a657ae5b956006046b470491a6382db49aa4effb7818d/grpcio-1.53.2-cp311-cp311-musllinux_1_1_x86_64.whl", hash = "sha256:3b789472e9ef75d179295d0c6a1f7f0aefd08189cd1c822b068b0523365a1dbe"},
    {url = "https://files.pythonhosted.org/packages/e1/3d/8c3f10bbf2dd1fb77d3426b40132b53dc94a39d5b5f0555f800827c3719e/grpcio-1.53.2-cp37-cp37m-manylinux_2_17_x86_64.manylinux2014_x86_64.whl", hash = "sha256:a3bee217bda6b2c81d9e2866f523217135a03a007a89043eee074e93d76706b0"},
    {url = "https://files.pythonhosted.org/packages/e9/f6/ce087e6204f977a6435504c6e3d2e0aae899986d20da8ec6dae2413b1f7e/grpcio-1.53.2-cp38-cp38-manylinux_2_17_i686.manylinux2014_i686.whl", hash = "sha256:7cbf1e3aaec3edf734ef90182363a395d234cd4790544be914cedbe1b9fec99a"},
    {url = "https://files.pythonhosted.org/packages/ec/dc/707d8bd3d71e26ef8beb04519bfd1f8111eac80fec065432f2222022d34b/grpcio-1.53.2-cp310-cp310-win32.whl", hash = "sha256:6be86e8d5cf47415968588e5dfbfb92ee8757fb41139584192b67050d1a72c58"},
    {url = "https://files.pythonhosted.org/packages/ee/4d/88efe77ffa641aa1b0c8b31fa7862d2a8450d0d7e71b3e0f56baa65c18e6/grpcio-1.53.2-cp311-cp311-macosx_10_10_universal2.whl", hash = "sha256:f7e66d8b31ef2bada7029275debbe12c97397ec7ac70a659837a7b8a6a9dc916"},
    {url = "https://files.pythonhosted.org/packages/f8/54/8221fe0d2bc1f06e9c83885beef9679aac01df10691d9f716c1bed552c75/grpcio-1.53.2-cp39-cp39-manylinux_2_17_x86_64.manylinux2014_x86_64.whl", hash = "sha256:504af9e86ab01c9c33d8a452fe846aa931d024945f2e897537ccb8f7d76778ee"},
    {url = "https://files.pythonhosted.org/packages/ff/b9/2307da723e99f35909c35b227f64dd273f6c9f22744d90ee516864c730db/grpcio-1.53.2-cp311-cp311-manylinux_2_17_i686.manylinux2014_i686.whl", hash = "sha256:f3761f9a6817e32898eaa5aecd0b0ad69d0c68ab45ea7bf206e8dc4548f025f0"},
]
"grpcio-tools 1.53.2" = [
    {url = "https://files.pythonhosted.org/packages/07/01/6fc661d9b755af606340ba3a86cd53045d0677b6b048deaf17dc155975d5/grpcio_tools-1.53.2-cp39-cp39-manylinux_2_17_aarch64.whl", hash = "sha256:0c8bb2ac4f17b53cc4bbd51da87ee111704003a618fa6903edd6013aa0beffe3"},
    {url = "https://files.pythonhosted.org/packages/17/8a/293d81ca22c9dd981a033085dd8492c27ad79c4c675a298112772e21b05e/grpcio_tools-1.53.2-cp311-cp311-musllinux_1_1_x86_64.whl", hash = "sha256:8ba8cdc56b713e6b27b2f5777e449b4617b549af6ab548aaf265eeda12a4ac6f"},
    {url = "https://files.pythonhosted.org/packages/17/f0/137600746a7223a0e8067d2c8daa8d04bc5809fccb45761b0f9beb4b8d64/grpcio_tools-1.53.2-cp311-cp311-win_amd64.whl", hash = "sha256:c57cd3d0ef5d2ac8cc0ffc7b9226e85364adf50e91aaf3c34589d15e574a7215"},
    {url = "https://files.pythonhosted.org/packages/18/e5/0bbcb76446bc07973985482912fb29086050ae3e5d57170cefa889df42e3/grpcio_tools-1.53.2-cp310-cp310-manylinux_2_17_x86_64.manylinux2014_x86_64.whl", hash = "sha256:e438248bdd092bfa74ddec74de86808b952fe65b23911b68d649160a26449d90"},
    {url = "https://files.pythonhosted.org/packages/1b/47/27389c5d71a206c8fe2a8bd63c62da76e144423d5323dd609182666fe347/grpcio_tools-1.53.2-cp38-cp38-macosx_10_10_universal2.whl", hash = "sha256:46c64e9defe703cd6d713871e3e5b93052e33b4270d6649fb807d25eacba7dcf"},
    {url = "https://files.pythonhosted.org/packages/25/2d/3742983b742543f12c94dcf1f1e1ab5dfea617efb3b117734148ac68a8c7/grpcio_tools-1.53.2-cp39-cp39-win32.whl", hash = "sha256:32e6921291586e897dbcdf54c1dbfb95c3bb2446b28b76dcbd85a01807712e4e"},
    {url = "https://files.pythonhosted.org/packages/2d/2b/1e2bf54c90b30bf63da467e853a7035d8f8ddf1543ec88cf566b0b48b30c/grpcio_tools-1.53.2-cp38-cp38-musllinux_1_1_x86_64.whl", hash = "sha256:852e41438402d6ac3a291f4c1ae3b3adb7bb989c820b7671e3bdc598a75e8d65"},
    {url = "https://files.pythonhosted.org/packages/2d/69/67bf2591b3228323310179dfb5e81fbc1d3d565203f7bddeb0b99c22069c/grpcio_tools-1.53.2-cp310-cp310-manylinux_2_17_aarch64.whl", hash = "sha256:0a24c1f0b03069290095d7d0467ef6b9db4a2ac6df505ac066025990f490dbb5"},
    {url = "https://files.pythonhosted.org/packages/2f/f7/b4bf3082e0bd867681dc4d3b10bf0e584546c0fbb56ee7f97c65182b3cfd/grpcio_tools-1.53.2-cp39-cp39-macosx_10_10_universal2.whl", hash = "sha256:161f6ca5786dbabe451e80f520b767f244ff0559a91d9148b82f0a4cefa1968f"},
    {url = "https://files.pythonhosted.org/packages/30/52/5ca963fd6477d8cf029889fc3529276a999ae25a5cac5caafe1e2160b399/grpcio_tools-1.53.2-cp39-cp39-linux_armv7l.whl", hash = "sha256:95a2563ff4928a71815815d8ab50ebc7143eaf9f69062e557e3dd9b1ce029167"},
    {url = "https://files.pythonhosted.org/packages/34/cc/86e16c75e9aed1c7191e878bd2ac6e274349e4a7073fabe0c86539be26a8/grpcio_tools-1.53.2-cp310-cp310-linux_armv7l.whl", hash = "sha256:8d047f35c04a78176ad61a2336bfc13bc7d773bcaf4bdbf34420faa93f52a30f"},
    {url = "https://files.pythonhosted.org/packages/38/78/c1ea8f2ccba62e80075315ab01b21496ee815107ac13967d312f729f4297/grpcio_tools-1.53.2-cp38-cp38-manylinux_2_17_x86_64.manylinux2014_x86_64.whl", hash = "sha256:9e5c4dce09a1f1bce8b135bf1738311b7b44a3628afcb4d6ebd8b0423f33dd49"},
    {url = "https://files.pythonhosted.org/packages/3f/33/01294f84c413e05a5d13c5648b883ecd44f5edacf9f989733cf2207b35ac/grpcio_tools-1.53.2-cp311-cp311-manylinux_2_17_aarch64.whl", hash = "sha256:621e6aa0ee0ca6d24cd0dc0a3ea4e8dd585ee9a7c665f0b5247a08032d89ac9f"},
    {url = "https://files.pythonhosted.org/packages/43/8f/ee91cf09f72bf86e4784e8f030425d789e6984a8f7882fdef77d53dda8d9/grpcio_tools-1.53.2-cp311-cp311-linux_armv7l.whl", hash = "sha256:968c94cb210da93d02c3d41605fc3400cdbd8e30e5ef5910638570a6d9b1be1d"},
    {url = "https://files.pythonhosted.org/packages/46/72/e146c0b7997b2c0effe277c5ff401896d5e2edc2e02b53c76334f3b683e9/grpcio_tools-1.53.2-cp37-cp37m-manylinux_2_17_aarch64.whl", hash = "sha256:f386874e79293f09d1871efbf177ef5248d82eb110a754b0f7680f3d2a7318ab"},
    {url = "https://files.pythonhosted.org/packages/47/b2/f96d9a44724f0eb3a8de382ceb5afcc01f5789ed4aee6fa4ec0f5db6ab10/grpcio_tools-1.53.2-cp310-cp310-win_amd64.whl", hash = "sha256:86e381816730c6459c0a4be780704098865083dcc66d4ea6f0603a7f3abbc376"},
    {url = "https://files.pythonhosted.org/packages/4b/f5/5e10e0657b82cd46cdc3dbfae8d47fdc424e8185fc1444948798276ea06e/grpcio_tools-1.53.2-cp311-cp311-win32.whl", hash = "sha256:f1bb5564e7dec518b163761771372a010514c1845cc8e96b6e84af3cac4fd864"},
    {url = "https://files.pythonhosted.org/packages/50/bf/c8ed62293c2db8d9759f0d655cb8afb72f4254e03e732069395b9d7a42d3/grpcio_tools-1.53.2-cp39-cp39-musllinux_1_1_x86_64.whl", hash = "sha256:a554d24b0500e3cd84623998a8c6ce44ded62ffaaa5ef9c1252dbe6fdb614edf"},
    {url = "https://files.pythonhosted.org/packages/52/16/3368bb67940a3dad015af104221b40e37420f81e87ce060d62d4d4f0fb53/grpcio_tools-1.53.2-cp38-cp38-musllinux_1_1_i686.whl", hash = "sha256:c72771f031db3187266bd5802ce5ef687d1e4082faadf6aab65d29ba20648410"},
    {url = "https://files.pythonhosted.org/packages/54/68/4359ffc4d6383d850604fbb7051d849633a983c3bc136cad35b679e314bd/grpcio_tools-1.53.2-cp38-cp38-win32.whl", hash = "sha256:c4533e6c208f6adba2de6eb093c4e338d75b6fb82f4307806a9b861dc71af555"},
    {url = "https://files.pythonhosted.org/packages/5d/6f/683e13b02b05b19030a9a8442adb037948048bc6b22928068b9c01bc3292/grpcio_tools-1.53.2-cp39-cp39-win_amd64.whl", hash = "sha256:82cbdec632c5ddefaf55077100313edacb99c3c72a3f1b7d224c6bb240709d11"},
    {url = "https://files.pythonhosted.org/packages/64/5d/93926be2744561c335dabde00098227fcdcc55e1c10811569114a18781d4/grpcio_tools-1.53.2-cp310-cp310-macosx_12_0_universal2.whl", hash = "sha256:56dba5debe2d805d30a336302d696a32c8a8d7bd9951cb9eddbbc514f95a3afc"},
    {url = "https://files.pythonhosted.org/packages/6b/ca/f631e1d4684117f022793cd6f48ff9fc1e2d59ad4bcd79e8aec6d5d153df/grpcio_tools-1.53.2-cp37-cp37m-linux_armv7l.whl", hash = "sha256:f7104bd88c418f9d2e09105da6b2abc92aa0274ccbcb2237e11c21d33d09164e"},
    {url = "https://files.pythonhosted.org/packages/70/78/10f3decc485435efad896d1851bf0b37c58764760124b85084163cd316a3/grpcio_tools-1.53.2-cp311-cp311-manylinux_2_17_i686.manylinux2014_i686.whl", hash = "sha256:f073ee3d1088d54fd1da5df2f39ae8767397a6e60baaabbf22525e5dc86b759c"},
    {url = "https://files.pythonhosted.org/packages/7a/65/30c3214b8deb79d90de99c082fd957da88b5773531dbe24a636c5ee3a6e1/grpcio_tools-1.53.2-cp310-cp310-win32.whl", hash = "sha256:85e933f52e85476d70fddc0112952cfe8537166a3b05b41bde5eb9ae71cd2328"},
    {url = "https://files.pythonhosted.org/packages/81/c4/f5ac950149925676fb3e3616dd8a5510e2adb95698949fe132dd047ded2d/grpcio_tools-1.53.2-cp39-cp39-musllinux_1_1_i686.whl", hash = "sha256:ecf297f8fecdce591716794a1ec5212b03d8302452d6ea0a4f88479592e09bfa"},
    {url = "https://files.pythonhosted.org/packages/8f/55/cc40a32d8130ed2a6df648be5ebecf26ed2360b0955e2b8e3026013d1684/grpcio_tools-1.53.2-cp310-cp310-musllinux_1_1_i686.whl", hash = "sha256:f855784689e3162a9e1811299c7745f84a856d8085b8e34ae6db27318a28d42e"},
    {url = "https://files.pythonhosted.org/packages/94/4e/96dbe76e108968af8b367fb5b4c22efebd99211587ca7e6511cad32ca88a/grpcio_tools-1.53.2-cp38-cp38-win_amd64.whl", hash = "sha256:cb7fffed68628efa3a3df3f7a7fdebb3fd7162f287b9ab372f17c68da63ab368"},
    {url = "https://files.pythonhosted.org/packages/96/bf/92bd25b19ef9ba171536dcb5ce1b411af7c481d4b02d083049f06342891c/grpcio_tools-1.53.2-cp310-cp310-manylinux_2_17_i686.manylinux2014_i686.whl", hash = "sha256:ccee441cbe40b2f40a8e1c1967fe71647b02914993e606dc1fd9ac216d8916a4"},
    {url = "https://files.pythonhosted.org/packages/97/93/43bbe6d371b34199ac878e14a732c2ead809c9dbfa7b84dfe4beac75667d/grpcio_tools-1.53.2-cp39-cp39-manylinux_2_17_i686.manylinux2014_i686.whl", hash = "sha256:d27bbcb89e7dee2d5e03caffa48f9ecdbc1a0384e4d2bbd5691ab9902bf63c10"},
    {url = "https://files.pythonhosted.org/packages/9b/e5/5ed9acd22b9ea5aa7c29fca91d8e5e65e12f2633114a9da88c5eefc62a2a/grpcio_tools-1.53.2-cp311-cp311-musllinux_1_1_i686.whl", hash = "sha256:049b16c36c3b0e9e52aa35dec6655000c97f5a26215322804d4149c5690997e4"},
    {url = "https://files.pythonhosted.org/packages/a2/d1/e85a0777d43aed5171be62b1f40ec9bf71e842ea41b94a84a87c404160cb/grpcio_tools-1.53.2-cp311-cp311-macosx_10_10_universal2.whl", hash = "sha256:a71e2a881eb8e821b6f5eeab2ee450b56597000ec34bfcd0c35b666ad7e64eb9"},
    {url = "https://files.pythonhosted.org/packages/af/ea/29681ceb699e7d85e1a20b6617abd1c5f3593ec7269d9a95f3d77318a74a/grpcio_tools-1.53.2-cp37-cp37m-musllinux_1_1_x86_64.whl", hash = "sha256:aa53908aec5d2be30cfa50304aee60918d888918707731e444dbea672121731d"},
    {url = "https://files.pythonhosted.org/packages/be/99/c008310b54848e1220b1c919a6a741347795873d304ba73cbc5cf1da5edf/grpcio_tools-1.53.2-cp311-cp311-manylinux_2_17_x86_64.manylinux2014_x86_64.whl", hash = "sha256:556f6997fe369a6cfd230335c46cb89d5ac2be65c093b25b8a0e9bfee76cb705"},
    {url = "https://files.pythonhosted.org/packages/ce/04/13e2348348705665b0b54df4cf9f2309d7433e33469fb93e1e10aa8f4ec6/grpcio_tools-1.53.2-cp37-cp37m-musllinux_1_1_i686.whl", hash = "sha256:1bebff9958c7efec5306a720dc37c1e7cb775cca136000448137e8a7a93162d3"},
    {url = "https://files.pythonhosted.org/packages/cf/64/1ae9d7d436b5cc8754a07659e0b58545e4ca8a884ab0f2535a04ad288d0d/grpcio_tools-1.53.2-cp37-cp37m-manylinux_2_17_i686.manylinux2014_i686.whl", hash = "sha256:5980a7a9dcf8a49f4031dc18f9890a84ef85dc6b3b25b9d58f44d4eedb6d46b8"},
    {url = "https://files.pythonhosted.org/packages/d7/42/167e3c614df8ee5235441ab63883f964951c159624805baaf9d6fb2e260f/grpcio_tools-1.53.2-cp38-cp38-manylinux_2_17_i686.manylinux2014_i686.whl", hash = "sha256:7bc87ede62465510e621e4a84d6670c3e78d40b4285f4abf24a3cfc305153374"},
    {url = "https://files.pythonhosted.org/packages/d7/61/989f7aaa518cb9b4a892db6f58e4842702f3d942224a908485f8820fbfd5/grpcio_tools-1.53.2-cp37-cp37m-win_amd64.whl", hash = "sha256:20de66650c11c7c03956aed1e40cdb890be2a41a275ac0a3eb69111cc331ff6e"},
    {url = "https://files.pythonhosted.org/packages/da/30/fcb1b78cee6770fc3324e7094f2fe83fb2a4b2165b5513b8cdd52d14b025/grpcio_tools-1.53.2-cp39-cp39-manylinux_2_17_x86_64.manylinux2014_x86_64.whl", hash = "sha256:330ec5a90c56d8c90b7668b8e85228fd64d85fb7909525f559ba4471a3c84b8d"},
    {url = "https://files.pythonhosted.org/packages/e3/e7/ff4158a582c018960c606f5eea7f9866c004e7fd54ebe7852960c145d141/grpcio_tools-1.53.2-cp37-cp37m-manylinux_2_17_x86_64.manylinux2014_x86_64.whl", hash = "sha256:2386165f2af6808d626d00b77d5642f32fd1c9e62e4918651e2cfdbc44493a68"},
    {url = "https://files.pythonhosted.org/packages/e8/4c/3bebfb60b13e451bf4878f99b0dd950415dc048b2ad8956fee1a52d3e9f6/grpcio_tools-1.53.2-cp38-cp38-linux_armv7l.whl", hash = "sha256:9769bdb7be6749055418728625b314812a70086cd42ca96a09dc70ec7d2cbac1"},
    {url = "https://files.pythonhosted.org/packages/ea/e8/6b3e6230b85abe738a1e2eb4399dcf3cbb939aa62e5e74c476fa4d96f433/grpcio_tools-1.53.2-cp310-cp310-musllinux_1_1_x86_64.whl", hash = "sha256:34d0227356b4dc2533b800f941a714100a35f93a97ddf44b25a4dcb3b7c8559b"},
    {url = "https://files.pythonhosted.org/packages/ee/26/18c09bd2a4ba37d602fed3c6369009e8099bf1172ed3f6e0f6bb45eda2b2/grpcio_tools-1.53.2-cp38-cp38-manylinux_2_17_aarch64.whl", hash = "sha256:fa58925e12c82e86a9206533cc19d92df888f5878e07e08c56dca31c894d88a4"},
    {url = "https://files.pythonhosted.org/packages/f8/86/b45101e24e5cce9259d73ce2994dc33886a64e71735976e4707f9e1ef6c7/grpcio_tools-1.53.2-cp37-cp37m-macosx_10_10_universal2.whl", hash = "sha256:c0055ba3408f48b6d930b51cf565a072c7bdb7cacee32ef07c8997ae82f33f0e"},
]
"iniconfig 2.0.0" = [
    {url = "https://files.pythonhosted.org/packages/ef/a6/62565a6e1cf69e10f5727360368e451d4b7f58beeac6173dc9db836a5b46/iniconfig-2.0.0-py3-none-any.whl", hash = "sha256:b6a85871a79d2e3b22d2d1b94ac2824226a63c6b741c88f7ae975f18b6778374"},
]
"packaging 23.1" = [
    {url = "https://files.pythonhosted.org/packages/ab/c3/57f0601a2d4fe15de7a553c00adbc901425661bf048f2a22dfc500caf121/packaging-23.1-py3-none-any.whl", hash = "sha256:994793af429502c4ea2ebf6bf664629d07c1a9fe974af92966e4b8d2df7edc61"},
]
"pluggy 1.2.0" = [
    {url = "https://files.pythonhosted.org/packages/51/32/4a79112b8b87b21450b066e102d6608907f4c885ed7b04c3fdb085d4d6ae/pluggy-1.2.0-py3-none-any.whl", hash = "sha256:c2fd55a7d7a3863cba1a013e4e2414658b1d07b6bc57b3919e0c63c9abb99849"},
]
"prometheus-client 0.19.0" = [
    {url = "https://files.pythonhosted.org/packages/bb/9f/ad934418c48d01269fc2af02229ff64bcf793fd5d7f8f82dc5e7ea7ef149/prometheus_client-0.19.0-py3-none-any.whl", hash = "sha256:c88b1e6ecf6b41cd8fb5731c7ae919bf66df6ec6fafa555cd6c0e16ca169ae92"},
]
"protobuf 4.22.3" = [
    {url = "https://files.pythonhosted.org/packages/25/ca/79af03ceec0f9439d8fb5c2c8d99454c5c4f8c7fe00c8e7dbb280a8177c8/protobuf-4.22.3-cp38-cp38-win_amd64.whl", hash = "sha256:f2f4710543abec186aee332d6852ef5ae7ce2e9e807a3da570f36de5a732d88e"},
    {url = "https://files.pythonhosted.org/packages/2f/db/42950497852aa35940a33e29118d8a2117fb20072bee08728f0948b70d7a/protobuf-4.22.3-cp38-cp38-win32.whl", hash = "sha256:f08aa300b67f1c012100d8eb62d47129e53d1150f4469fd78a29fa3cb68c66f2"},
    {url = "https://files.pythonhosted.org/packages/3d/df/045aa99824f00c732410463512c52c2137f0a8cb968be573e63c9a679a84/protobuf-4.22.3-cp37-abi3-macosx_10_9_universal2.whl", hash = "sha256:d14fc1a41d1a1909998e8aff7e80d2a7ae14772c4a70e4bf7db8a36690b54425"},
    {url = "https://files.pythonhosted.org/packages/5b/98/1856887e6b5d707f06bad7a0a19a6f166819cde6df472cd463b3c54b4bc3/protobuf-4.22.3-cp37-cp37m-win32.whl", hash = "sha256:ecae944c6c2ce50dda6bf76ef5496196aeb1b85acb95df5843cd812615ec4b61"},
    {url = "https://files.pythonhosted.org/packages/5d/d5/ce54c05165aee15a3353bff5e18891699ffe5c580a827500412c14097584/protobuf-4.22.3-cp310-abi3-win32.whl", hash = "sha256:8b54f56d13ae4a3ec140076c9d937221f887c8f64954673d46f63751209e839a"},
    {url = "https://files.pythonhosted.org/packages/64/1a/607462fe9bd9815571b92510074a74f2012cca6b564ecc65a9d65ecec6da/protobuf-4.22.3-cp39-cp39-win32.whl", hash = "sha256:7cf56e31907c532e460bb62010a513408e6cdf5b03fb2611e4b67ed398ad046d"},
    {url = "https://files.pythonhosted.org/packages/6d/f6/695ae28e310ea84fbde27cbca851e3dbdc51fcef0f79f622166932b7b7e4/protobuf-4.22.3-cp37-abi3-manylinux2014_aarch64.whl", hash = "sha256:70659847ee57a5262a65954538088a1d72dfc3e9882695cab9f0c54ffe71663b"},
    {url = "https://files.pythonhosted.org/packages/82/48/09fad23447675247e42f4262191505dbb4c9a67b372f593cd1465968c522/protobuf-4.22.3-cp37-cp37m-win_amd64.whl", hash = "sha256:d4b66266965598ff4c291416be429cef7989d8fae88b55b62095a2331511b3fa"},
    {url = "https://files.pythonhosted.org/packages/8f/fd/04c33233cbc10b183f19ac1d57f04e849bf62f80837aa332b95dfd2dc44a/protobuf-4.22.3-cp310-abi3-win_amd64.whl", hash = "sha256:7760730063329d42a9d4c4573b804289b738d4931e363ffbe684716b796bde51"},
    {url = "https://files.pythonhosted.org/packages/d3/4b/ba25359a15db99b12b59c1d68ccbd0c1d2d4c0c874d9b92f19b5f89d8293/protobuf-4.22.3-py3-none-any.whl", hash = "sha256:52f0a78141078077cfe15fe333ac3e3a077420b9a3f5d1bf9b5fe9d286b4d881"},
    {url = "https://files.pythonhosted.org/packages/f4/fd/d8d309382c71c5e83a1920ae9840410396e595e3b36229d96e3ba755687e/protobuf-4.22.3-cp37-abi3-manylinux2014_x86_64.whl", hash = "sha256:13233ee2b9d3bd9a5f216c1fa2c321cd564b93d8f2e4f521a85b585447747997"},
    {url = "https://files.pythonhosted.org/packages/f8/70/6291e75633eeaa24fed46c9f66091bec184644e6159f392ac32eb92b1f65/protobuf-4.22.3-cp39-cp39-win_amd64.whl", hash = "sha256:e0e630d8e6a79f48c557cd1835865b593d0547dce221c66ed1b827de59c66c97"},
]
"pytest 7.4.4" = [
    {url = "https://files.pythonhosted.org/packages/51/ff/f6e8b8f39e08547faece4bd80f89d5a8de68a38b2d179cc1c4490ffa3286/pytest-7.4.4-py3-none-any.whl", hash = "sha256:b090cdf5ed60bf4c45261be03239c2c1c22df034fbffe691abe93cd80cea01d8"},
]
"pyyaml 6.0.1" = [
    {url = "https://files.pythonhosted.org/packages/02/74/b2320ebe006b6a521cf929c78f12a220b9db319b38165023623ed195654b/PyYAML-6.0.1-cp36-cp36m-macosx_10_9_x86_64.whl", hash = "sha256:50550eb667afee136e9a77d6dc71ae76a44df8b3e51e41b77f6de2932bfe0f47"},
    {url = "https://files.pythonhosted.org/packages/03/5c/c4671451b2f1d76ebe352c0945d4cd13500adb5d05f5a51ee296d80152f7/PyYAML-6.0.1-cp311-cp311-musllinux_1_1_x86_64.whl", hash = "sha256:e7d73685e87afe9f3b36c799222440d6cf362062f78be1013661b00c5c6f678b"},
    {url = "https://files.pythonhosted.org/packages/03/f7/4f8b71f3ce8cfb2c06e814aeda5b26ecc62ecb5cf85f5c8898be34e6eb6a/PyYAML-6.0.1-cp36-cp36m-manylinux_2_17_aarch64.manylinux2014_aarch64.whl", hash = "sha256:1fe35611261b29bd1de0070f0b2f47cb6ff71fa6595c077e42bd0c419fa27b98"},
    {url = "https://files.pythonhosted.org/packages/06/92/e0224aa6ebf9dc54a06a4609da37da40bb08d126f5535d81bff6b417b2ae/PyYAML-6.0.1-cp311-cp311-manylinux_2_17_s390x.manylinux2014_s390x.whl", hash = "sha256:062582fca9fabdd2c8b54a3ef1c978d786e0f6b3a1510e0ac93ef59e0ddae2bc"},
    {url = "https://files.pythonhosted.org/packages/07/91/45dfd0ef821a7f41d9d0136ea3608bb5b1653e42fd56a7970532cb5c003f/PyYAML-6.0.1-cp310-cp310-musllinux_1_1_x86_64.whl", hash = "sha256:326c013efe8048858a6d312ddd31d56e468118ad4cdeda36c719bf5bb6192290"},
    {url = "https://files.pythonhosted.org/packages/0d/46/62ae77677e532c0af6c81ddd6f3dbc16bdcc1208b077457354442d220bfb/PyYAML-6.0.1-cp38-cp38-musllinux_1_1_x86_64.whl", hash = "sha256:49a183be227561de579b4a36efbb21b3eab9651dd81b1858589f796549873dd6"},
    {url = "https://files.pythonhosted.org/packages/0e/88/21b2f16cb2123c1e9375f2c93486e35fdc86e63f02e274f0e99c589ef153/PyYAML-6.0.1-cp39-cp39-macosx_11_0_arm64.whl", hash = "sha256:c8098ddcc2a85b61647b2590f825f3db38891662cfc2fc776415143f599bb859"},
    {url = "https://files.pythonhosted.org/packages/1e/ae/964ccb88a938f20ece5754878f182cfbd846924930d02d29d06af8d4c69e/PyYAML-6.0.1-cp37-cp37m-win_amd64.whl", hash = "sha256:4fb147e7a67ef577a588a0e2c17b6db51dda102c71de36f8549b6816a96e1867"},
    {url = "https://files.pythonhosted.org/packages/24/62/7fcc372442ec8ea331da18c24b13710e010c5073ab851ef36bf9dacb283f/PyYAML-6.0.1-cp39-cp39-win32.whl", hash = "sha256:faca3bdcf85b2fc05d06ff3fbc1f83e1391b3e724afa3feba7d13eeab355484c"},
    {url = "https://files.pythonhosted.org/packages/24/97/9b59b43431f98d01806b288532da38099cc6f2fea0f3d712e21e269c0279/PyYAML-6.0.1-cp310-cp310-win_amd64.whl", hash = "sha256:fd1592b3fdf65fff2ad0004b5e363300ef59ced41c2e6b3a99d4089fa8c5435d"},
    {url = "https://files.pythonhosted.org/packages/27/d5/fb4f7a3c96af89c214387af42c76117d2c2a0a40576e217632548a6e1aff/PyYAML-6.0.1-cp36-cp36m-win_amd64.whl", hash = "sha256:f22ac1c3cac4dbc50079e965eba2c1058622631e526bd9afd45fedd49ba781fa"},
    {url = "https://files.pythonhosted.org/packages/28/09/55f715ddbf95a054b764b547f617e22f1d5e45d83905660e9a088078fe67/PyYAML-6.0.1-cp311-cp311-macosx_11_0_arm64.whl", hash = "sha256:f003ed9ad21d6a4713f0a9b5a7a0a79e08dd0f221aff4525a2be4c346ee60aab"},
    {url = "https://files.pythonhosted.org/packages/29/0f/9782fa5b10152abf033aec56a601177ead85ee03b57781f2d9fced09eefc/PyYAML-6.0.1-cp38-cp38-win_amd64.whl", hash = "sha256:1e2722cc9fbb45d9b87631ac70924c11d3a401b2d7f410cc0e3bbf249f2dca62"},
    {url = "https://files.pythonhosted.org/packages/29/61/bf33c6c85c55bc45a29eee3195848ff2d518d84735eb0e2d8cb42e0d285e/PyYAML-6.0.1-cp310-cp310-manylinux_2_17_x86_64.manylinux2014_x86_64.whl", hash = "sha256:ba336e390cd8e4d1739f42dfe9bb83a3cc2e80f567d8805e11b46f4a943f5515"},
    {url = "https://files.pythonhosted.org/packages/2b/9f/fbade56564ad486809c27b322d0f7e6a89c01f6b4fe208402e90d4443a99/PyYAML-6.0.1-cp312-cp312-win_amd64.whl", hash = "sha256:0d3304d8c0adc42be59c5f8a4d9e3d7379e6955ad754aa9d6ab7a398b59dd1df"},
    {url = "https://files.pythonhosted.org/packages/2e/97/3e0e089ee85e840f4b15bfa00e4e63d84a3691ababbfea92d6f820ea6f21/PyYAML-6.0.1-cp312-cp312-win32.whl", hash = "sha256:d483d2cdf104e7c9fa60c544d92981f12ad66a457afae824d146093b8c294c54"},
    {url = "https://files.pythonhosted.org/packages/40/da/a175a35cf5583580e90ac3e2a3dbca90e43011593ae62ce63f79d7b28d92/PyYAML-6.0.1-cp39-cp39-musllinux_1_1_x86_64.whl", hash = "sha256:04ac92ad1925b2cff1db0cfebffb6ffc43457495c9b3c39d3fcae417d7125dc5"},
    {url = "https://files.pythonhosted.org/packages/41/9a/1c4c51f1a0d2b6fd805973701ab0ec84d5e622c5aaa573b0e1157f132809/PyYAML-6.0.1-cp36-cp36m-win32.whl", hash = "sha256:fca0e3a251908a499833aa292323f32437106001d436eca0e6e7833256674585"},
    {url = "https://files.pythonhosted.org/packages/4a/4b/c71ef18ef83c82f99e6da8332910692af78ea32bd1d1d76c9787dfa36aea/PyYAML-6.0.1-cp39-cp39-manylinux_2_17_s390x.manylinux2014_s390x.whl", hash = "sha256:b786eecbdf8499b9ca1d697215862083bd6d2a99965554781d0d8d1ad31e13a0"},
    {url = "https://files.pythonhosted.org/packages/4d/f1/08f06159739254c8947899c9fc901241614195db15ba8802ff142237664c/PyYAML-6.0.1-cp37-cp37m-manylinux_2_17_s390x.manylinux2014_s390x.whl", hash = "sha256:596106435fa6ad000c2991a98fa58eeb8656ef2325d7e158344fb33864ed87e3"},
    {url = "https://files.pythonhosted.org/packages/4f/78/77b40157b6cb5f2d3d31a3d9b2efd1ba3505371f76730d267e8b32cf4b7f/PyYAML-6.0.1-cp312-cp312-musllinux_1_1_x86_64.whl", hash = "sha256:8d4e9c88387b0f5c7d5f281e55304de64cf7f9c0021a3525bd3b1c542da3b0e4"},
    {url = "https://files.pythonhosted.org/packages/57/c5/5d09b66b41d549914802f482a2118d925d876dc2a35b2d127694c1345c34/PyYAML-6.0.1-cp39-cp39-macosx_10_9_x86_64.whl", hash = "sha256:9eb6caa9a297fc2c2fb8862bc5370d0303ddba53ba97e71f08023b6cd73d16a8"},
    {url = "https://files.pythonhosted.org/packages/5b/07/10033a403b23405a8fc48975444463d3d10a5c2736b7eb2550b07b367429/PyYAML-6.0.1-cp310-cp310-macosx_11_0_arm64.whl", hash = "sha256:fd66fc5d0da6d9815ba2cebeb4205f95818ff4b79c3ebe268e75d961704af52f"},
    {url = "https://files.pythonhosted.org/packages/5e/94/7d5ee059dfb92ca9e62f4057dcdec9ac08a9e42679644854dc01177f8145/PyYAML-6.0.1-cp311-cp311-manylinux_2_17_aarch64.manylinux2014_aarch64.whl", hash = "sha256:42f8152b8dbc4fe7d96729ec2b99c7097d656dc1213a3229ca5383f973a5ed6d"},
    {url = "https://files.pythonhosted.org/packages/62/2a/df7727c52e151f9e7b852d7d1580c37bd9e39b2f29568f0f81b29ed0abc2/PyYAML-6.0.1-cp36-cp36m-manylinux_2_17_x86_64.manylinux2014_x86_64.whl", hash = "sha256:afd7e57eddb1a54f0f1a974bc4391af8bcce0b444685d936840f125cf046d5bd"},
    {url = "https://files.pythonhosted.org/packages/73/9c/766e78d1efc0d1fca637a6b62cea1b4510a7fb93617eb805223294fef681/PyYAML-6.0.1-cp311-cp311-win32.whl", hash = "sha256:1635fd110e8d85d55237ab316b5b011de701ea0f29d07611174a1b42f1444741"},
    {url = "https://files.pythonhosted.org/packages/7b/5e/efd033ab7199a0b2044dab3b9f7a4f6670e6a52c089de572e928d2873b06/PyYAML-6.0.1-cp311-cp311-manylinux_2_17_x86_64.manylinux2014_x86_64.whl", hash = "sha256:d2b04aac4d386b172d5b9692e2d2da8de7bfb6c387fa4f801fbf6fb2e6ba4673"},
    {url = "https://files.pythonhosted.org/packages/7d/39/472f2554a0f1e825bd7c5afc11c817cd7a2f3657460f7159f691fbb37c51/PyYAML-6.0.1-cp39-cp39-manylinux_2_17_x86_64.manylinux2014_x86_64.whl", hash = "sha256:bc1bf2925a1ecd43da378f4db9e4f799775d6367bdb94671027b73b393a7c42c"},
    {url = "https://files.pythonhosted.org/packages/7f/5d/2779ea035ba1e533c32ed4a249b4e0448f583ba10830b21a3cddafe11a4e/PyYAML-6.0.1-cp38-cp38-macosx_10_9_x86_64.whl", hash = "sha256:1d4c7e777c441b20e32f52bd377e0c409713e8bb1386e1099c2415f26e479595"},
    {url = "https://files.pythonhosted.org/packages/84/02/404de95ced348b73dd84f70e15a41843d817ff8c1744516bf78358f2ffd2/PyYAML-6.0.1-cp312-cp312-macosx_11_0_arm64.whl", hash = "sha256:40df9b996c2b73138957fe23a16a4f0ba614f4c0efce1e9406a184b6d07fa3a9"},
    {url = "https://files.pythonhosted.org/packages/84/4d/82704d1ab9290b03da94e6425f5e87396b999fd7eb8e08f3a92c158402bf/PyYAML-6.0.1-cp39-cp39-win_amd64.whl", hash = "sha256:510c9deebc5c0225e8c96813043e62b680ba2f9c50a08d3724c7f28a747d1486"},
    {url = "https://files.pythonhosted.org/packages/96/06/4beb652c0fe16834032e54f0956443d4cc797fe645527acee59e7deaa0a2/PyYAML-6.0.1-cp310-cp310-macosx_10_9_x86_64.whl", hash = "sha256:d858aa552c999bc8a8d57426ed01e40bef403cd8ccdd0fc5f6f04a00414cac2a"},
    {url = "https://files.pythonhosted.org/packages/ac/6c/967d91a8edf98d2b2b01d149bd9e51b8f9fb527c98d80ebb60c6b21d60c4/PyYAML-6.0.1-cp39-cp39-manylinux_2_17_aarch64.manylinux2014_aarch64.whl", hash = "sha256:5773183b6446b2c99bb77e77595dd486303b4faab2b086e7b17bc6bef28865f6"},
    {url = "https://files.pythonhosted.org/packages/b3/34/65bb4b2d7908044963ebf614fe0fdb080773fc7030d7e39c8d3eddcd4257/PyYAML-6.0.1-cp311-cp311-win_amd64.whl", hash = "sha256:bf07ee2fef7014951eeb99f56f39c9bb4af143d8aa3c21b1677805985307da34"},
    {url = "https://files.pythonhosted.org/packages/b4/33/720548182ffa8344418126017aa1d4ab4aeec9a2275f04ce3f3573d8ace8/PyYAML-6.0.1-cp312-cp312-manylinux_2_17_x86_64.manylinux2014_x86_64.whl", hash = "sha256:6c22bec3fbe2524cde73d7ada88f6566758a8f7227bfbf93a408a9d86bcc12a0"},
    {url = "https://files.pythonhosted.org/packages/b6/a0/b6700da5d49e9fed49dc3243d3771b598dad07abb37cc32e524607f96adc/PyYAML-6.0.1-cp310-cp310-win32.whl", hash = "sha256:bd4af7373a854424dabd882decdc5579653d7868b8fb26dc7d0e99f823aa5924"},
    {url = "https://files.pythonhosted.org/packages/ba/91/090818dfa62e85181f3ae23dd1e8b7ea7f09684864a900cab72d29c57346/PyYAML-6.0.1-cp310-cp310-manylinux_2_17_s390x.manylinux2014_s390x.whl", hash = "sha256:81e0b275a9ecc9c0c0c07b4b90ba548307583c125f54d5b6946cfee6360c733d"},
    {url = "https://files.pythonhosted.org/packages/bc/06/1b305bf6aa704343be85444c9d011f626c763abb40c0edc1cad13bfd7f86/PyYAML-6.0.1-cp312-cp312-macosx_10_9_x86_64.whl", hash = "sha256:855fb52b0dc35af121542a76b9a84f8d1cd886ea97c84703eaa6d88e37a2ad28"},
    {url = "https://files.pythonhosted.org/packages/c1/39/47ed4d65beec9ce07267b014be85ed9c204fa373515355d3efa62d19d892/PyYAML-6.0.1-cp38-cp38-manylinux_2_17_s390x.manylinux2014_s390x.whl", hash = "sha256:28c119d996beec18c05208a8bd78cbe4007878c6dd15091efb73a30e90539696"},
    {url = "https://files.pythonhosted.org/packages/c7/d1/02baa09d39b1bb1ebaf0d850d106d1bdcb47c91958557f471153c49dc03b/PyYAML-6.0.1-cp37-cp37m-macosx_10_9_x86_64.whl", hash = "sha256:b1275ad35a5d18c62a7220633c913e1b42d44b46ee12554e5fd39c70a243d6a3"},
    {url = "https://files.pythonhosted.org/packages/c8/6b/6600ac24725c7388255b2f5add93f91e58a5d7efaf4af244fdbcc11a541b/PyYAML-6.0.1-cp38-cp38-manylinux_2_17_x86_64.manylinux2014_x86_64.whl", hash = "sha256:7e07cbde391ba96ab58e532ff4803f79c4129397514e1413a7dc761ccd755735"},
    {url = "https://files.pythonhosted.org/packages/cc/5c/fcabd17918348c7db2eeeb0575705aaf3f7ab1657f6ce29b2e31737dd5d1/PyYAML-6.0.1-cp37-cp37m-win32.whl", hash = "sha256:9046c58c4395dff28dd494285c82ba00b546adfc7ef001486fbf0324bc174fba"},
    {url = "https://files.pythonhosted.org/packages/d6/6a/439d1a6f834b9a9db16332ce16c4a96dd0e3970b65fe08cbecd1711eeb77/PyYAML-6.0.1-cp38-cp38-win32.whl", hash = "sha256:184c5108a2aca3c5b3d3bf9395d50893a7ab82a38004c8f61c258d4428e80206"},
    {url = "https://files.pythonhosted.org/packages/d7/8f/db62b0df635b9008fe90aa68424e99cee05e68b398740c8a666a98455589/PyYAML-6.0.1-cp37-cp37m-manylinux_2_17_x86_64.manylinux2014_x86_64.whl", hash = "sha256:baa90d3f661d43131ca170712d903e6295d1f7a0f595074f151c0aed377c9b9c"},
    {url = "https://files.pythonhosted.org/packages/e1/a1/27bfac14b90adaaccf8c8289f441e9f76d94795ec1e7a8f134d9f2cb3d0b/PyYAML-6.0.1-cp38-cp38-manylinux_2_17_aarch64.manylinux2014_aarch64.whl", hash = "sha256:a0cd17c15d3bb3fa06978b4e8958dcdc6e0174ccea823003a106c7d4d7899ac5"},
    {url = "https://files.pythonhosted.org/packages/e5/31/ba812efa640a264dbefd258986a5e4e786230cb1ee4a9f54eb28ca01e14a/PyYAML-6.0.1-cp37-cp37m-manylinux_2_17_aarch64.manylinux2014_aarch64.whl", hash = "sha256:18aeb1bf9a78867dc38b259769503436b7c72f7a1f1f4c93ff9a17de54319b27"},
    {url = "https://files.pythonhosted.org/packages/ec/0d/26fb23e8863e0aeaac0c64e03fd27367ad2ae3f3cccf3798ee98ce160368/PyYAML-6.0.1-cp311-cp311-macosx_10_9_x86_64.whl", hash = "sha256:6965a7bc3cf88e5a1c3bd2e0b5c22f8d677dc88a455344035f03399034eb3007"},
    {url = "https://files.pythonhosted.org/packages/f1/26/55e4f21db1f72eaef092015d9017c11510e7e6301c62a6cfee91295d13c6/PyYAML-6.0.1-cp310-cp310-manylinux_2_17_aarch64.manylinux2014_aarch64.whl", hash = "sha256:69b023b2b4daa7548bcfbd4aa3da05b3a74b772db9e23b982788168117739938"},
    {url = "https://files.pythonhosted.org/packages/fe/88/def2e57fe740544f2eefb1645f1d6e0094f56c00f4eade708140b6137ead/PyYAML-6.0.1-cp36-cp36m-manylinux_2_17_s390x.manylinux2014_s390x.whl", hash = "sha256:704219a11b772aea0d8ecd7058d0082713c3562b4e271b849ad7dc4a5c90c13c"},
]
"setuptools 67.6.1" = [
    {url = "https://files.pythonhosted.org/packages/0b/fc/8781442def77b0aa22f63f266d4dadd486ebc0c5371d6290caf4320da4b7/setuptools-67.6.1-py3-none-any.whl", hash = "sha256:e728ca814a823bf7bf60162daf9db95b93d532948c4c0bea762ce62f60189078"},
]
"tabulate 0.9.0" = [
    {url = "https://files.pythonhosted.org/packages/40/44/4a5f08c96eb108af5cb50b41f76142f0afa346dfa99d5296fe7202a11854/tabulate-0.9.0-py3-none-any.whl", hash = "sha256:024ca478df22e9340661486f85298cff5f6dcdba14f3813e8830015b9ed1948f"},
]
"tomli 2.0.1" = [
    {url = "https://files.pythonhosted.org/packages/97/75/10a9ebee3fd790d20926a90a2547f0bf78f371b2f13aa822c759680ca7b9/tomli-2.0.1-py3-none-any.whl", hash = "sha256:939de3e7a6161af0c887ef91b7d41a53e7c5a1ca976325f429cb46ea9bc30ecc"},
]
